
Microsoft Visual Studio Solution File, Format Version 12.00
# Visual Studio Version 16
VisualStudioVersion = 16.0.31911.196
MinimumVisualStudioVersion = 10.0.40219.1
Project("{FAE04EC0-301F-11D3-BF4B-00C04F79EFBC}") = "Hazir-Metotlar-Datetime-Math", "Hazir-Metotlar-Datetime-Math\Hazir-Metotlar-Datetime-Math.csproj", "{C2EA5580-6783-40FF-A905-5CFDC8E41E11}"
EndProject
Global
	GlobalSection(SolutionConfigurationPlatforms) = preSolution
		Debug|Any CPU = Debug|Any CPU
		Release|Any CPU = Release|Any CPU
	EndGlobalSection
	GlobalSection(ProjectConfigurationPlatforms) = postSolution
		{C2EA5580-6783-40FF-A905-5CFDC8E41E11}.Debug|Any CPU.ActiveCfg = Debug|Any CPU
		{C2EA5580-6783-40FF-A905-5CFDC8E41E11}.Debug|Any CPU.Build.0 = Debug|Any CPU
		{C2EA5580-6783-40FF-A905-5CFDC8E41E11}.Release|Any CPU.ActiveCfg = Release|Any CPU
		{C2EA5580-6783-40FF-A905-5CFDC8E41E11}.Release|Any CPU.Build.0 = Release|Any CPU
	EndGlobalSection
	GlobalSection(SolutionProperties) = preSolution
		HideSolutionNode = FALSE
	EndGlobalSection
	GlobalSection(ExtensibilityGlobals) = postSolution
		SolutionGuid = {9748A85D-1FF0-4BF7-8DC3-D4B7B2802027}
	EndGlobalSection
EndGlobal
